// !$*UTF8*$!
{
	archiveVersion = 1;
	classes = {
	};
	objectVersion = 46;
	objects = {

/* Begin PBXBuildFile section */
		3F9C1B8F1C93141300EFF293 /* PerfilViewController.swift in Sources */ = {isa = PBXBuildFile; fileRef = 3F9C1B8D1C93141300EFF293 /* PerfilViewController.swift */; };
		3F9C1B901C93141300EFF293 /* PerfilFavoritoCollectionViewCell.swift in Sources */ = {isa = PBXBuildFile; fileRef = 3F9C1B8E1C93141300EFF293 /* PerfilFavoritoCollectionViewCell.swift */; };
		3F9C1B931C93141B00EFF293 /* MainTabBarViewController.swift in Sources */ = {isa = PBXBuildFile; fileRef = 3F9C1B911C93141B00EFF293 /* MainTabBarViewController.swift */; };
		3F9C1B971C93142700EFF293 /* Amigos.storyboard in Resources */ = {isa = PBXBuildFile; fileRef = 3F9C1B941C93142700EFF293 /* Amigos.storyboard */; };
		3F9C1B981C93142700EFF293 /* AmigosCollectionViewController.swift in Sources */ = {isa = PBXBuildFile; fileRef = 3F9C1B951C93142700EFF293 /* AmigosCollectionViewController.swift */; };
		3F9C1B991C93142700EFF293 /* AmigosCollectionViewCell.swift in Sources */ = {isa = PBXBuildFile; fileRef = 3F9C1B961C93142700EFF293 /* AmigosCollectionViewCell.swift */; };
		3F9C1B9C1C93142F00EFF293 /* Main.storyboard in Resources */ = {isa = PBXBuildFile; fileRef = 3F9C1B9B1C93142F00EFF293 /* Main.storyboard */; };
		3FDF7B491C91B5DD00054B42 /* AppDelegate.swift in Sources */ = {isa = PBXBuildFile; fileRef = 3FDF7B481C91B5DD00054B42 /* AppDelegate.swift */; };
		3FDF7B4B1C91B5DD00054B42 /* ViewController.swift in Sources */ = {isa = PBXBuildFile; fileRef = 3FDF7B4A1C91B5DD00054B42 /* ViewController.swift */; };
		3FDF7B511C91B5DD00054B42 /* Group_It.xcdatamodeld in Sources */ = {isa = PBXBuildFile; fileRef = 3FDF7B4F1C91B5DD00054B42 /* Group_It.xcdatamodeld */; };
		3FDF7B531C91B5DD00054B42 /* Assets.xcassets in Resources */ = {isa = PBXBuildFile; fileRef = 3FDF7B521C91B5DD00054B42 /* Assets.xcassets */; };
		3FDF7B561C91B5DD00054B42 /* LaunchScreen.storyboard in Resources */ = {isa = PBXBuildFile; fileRef = 3FDF7B541C91B5DD00054B42 /* LaunchScreen.storyboard */; };
/* End PBXBuildFile section */

/* Begin PBXFileReference section */
		3F9C1B8D1C93141300EFF293 /* PerfilViewController.swift */ = {isa = PBXFileReference; fileEncoding = 4; lastKnownFileType = sourcecode.swift; name = PerfilViewController.swift; path = "../../../../../Documents/group-it/Group-It/Group-It/PerfilViewController.swift"; sourceTree = "<group>"; };
		3F9C1B8E1C93141300EFF293 /* PerfilFavoritoCollectionViewCell.swift */ = {isa = PBXFileReference; fileEncoding = 4; lastKnownFileType = sourcecode.swift; name = PerfilFavoritoCollectionViewCell.swift; path = "../../../../../Documents/group-it/Group-It/Group-It/PerfilFavoritoCollectionViewCell.swift"; sourceTree = "<group>"; };
		3F9C1B911C93141B00EFF293 /* MainTabBarViewController.swift */ = {isa = PBXFileReference; fileEncoding = 4; lastKnownFileType = sourcecode.swift; path = MainTabBarViewController.swift; sourceTree = "<group>"; };
		3F9C1B941C93142700EFF293 /* Amigos.storyboard */ = {isa = PBXFileReference; fileEncoding = 4; lastKnownFileType = file.storyboard; name = Amigos.storyboard; path = "../../../../../Documents/group-it/Group-It/Group-It/Amigos.storyboard"; sourceTree = "<group>"; };
		3F9C1B951C93142700EFF293 /* AmigosCollectionViewController.swift */ = {isa = PBXFileReference; fileEncoding = 4; lastKnownFileType = sourcecode.swift; name = AmigosCollectionViewController.swift; path = "../../../../../Documents/group-it/Group-It/Group-It/AmigosCollectionViewController.swift"; sourceTree = "<group>"; };
		3F9C1B961C93142700EFF293 /* AmigosCollectionViewCell.swift */ = {isa = PBXFileReference; fileEncoding = 4; lastKnownFileType = sourcecode.swift; name = AmigosCollectionViewCell.swift; path = "../../../../../Documents/group-it/Group-It/Group-It/AmigosCollectionViewCell.swift"; sourceTree = "<group>"; };
		3F9C1B9A1C93142F00EFF293 /* Base */ = {isa = PBXFileReference; lastKnownFileType = file.storyboard; name = Base; path = Base.lproj/Main.storyboard; sourceTree = "<group>"; };
		3FDF7B451C91B5DD00054B42 /* Group-It.app */ = {isa = PBXFileReference; explicitFileType = wrapper.application; includeInIndex = 0; path = "Group-It.app"; sourceTree = BUILT_PRODUCTS_DIR; };
		3FDF7B481C91B5DD00054B42 /* AppDelegate.swift */ = {isa = PBXFileReference; lastKnownFileType = sourcecode.swift; path = AppDelegate.swift; sourceTree = "<group>"; };
		3FDF7B4A1C91B5DD00054B42 /* ViewController.swift */ = {isa = PBXFileReference; lastKnownFileType = sourcecode.swift; path = ViewController.swift; sourceTree = "<group>"; };
		3FDF7B501C91B5DD00054B42 /* Group_It.xcdatamodel */ = {isa = PBXFileReference; lastKnownFileType = wrapper.xcdatamodel; path = Group_It.xcdatamodel; sourceTree = "<group>"; };
		3FDF7B521C91B5DD00054B42 /* Assets.xcassets */ = {isa = PBXFileReference; lastKnownFileType = folder.assetcatalog; path = Assets.xcassets; sourceTree = "<group>"; };
		3FDF7B551C91B5DD00054B42 /* Base */ = {isa = PBXFileReference; lastKnownFileType = file.storyboard; name = Base; path = Base.lproj/LaunchScreen.storyboard; sourceTree = "<group>"; };
		3FDF7B571C91B5DD00054B42 /* Info.plist */ = {isa = PBXFileReference; lastKnownFileType = text.plist.xml; path = Info.plist; sourceTree = "<group>"; };
/* End PBXFileReference section */

/* Begin PBXFrameworksBuildPhase section */
		3FDF7B421C91B5DD00054B42 /* Frameworks */ = {
			isa = PBXFrameworksBuildPhase;
			buildActionMask = 2147483647;
			files = (
			);
			runOnlyForDeploymentPostprocessing = 0;
		};
/* End PBXFrameworksBuildPhase section */

/* Begin PBXGroup section */
		3F9C1B921C93141B00EFF293 /* TabBarController */ = {
			isa = PBXGroup;
			children = (
				3F9C1B911C93141B00EFF293 /* MainTabBarViewController.swift */,
			);
			name = TabBarController;
			path = "../../../../../Documents/group-it/Group-It/Group-It";
			sourceTree = "<group>";
		};
		3FDF7B3C1C91B5DD00054B42 = {
			isa = PBXGroup;
			children = (
				3FDF7B471C91B5DD00054B42 /* Group-It */,
				3FDF7B461C91B5DD00054B42 /* Products */,
			);
			sourceTree = "<group>";
		};
		3FDF7B461C91B5DD00054B42 /* Products */ = {
			isa = PBXGroup;
			children = (
				3FDF7B451C91B5DD00054B42 /* Group-It.app */,
			);
			name = Products;
			sourceTree = "<group>";
		};
		3FDF7B471C91B5DD00054B42 /* Group-It */ = {
			isa = PBXGroup;
			children = (
				3FDF7B5D1C91BD5A00054B42 /* Model */,
				3FDF7B5E1C91BD6100054B42 /* Views */,
				3FDF7B5F1C91BD7C00054B42 /* Assets */,
			);
			path = "Group-It";
			sourceTree = "<group>";
		};
		3FDF7B5D1C91BD5A00054B42 /* Model */ = {
			isa = PBXGroup;
			children = (
				3FDF7B4F1C91B5DD00054B42 /* Group_It.xcdatamodeld */,
			);
			name = Model;
			sourceTree = "<group>";
		};
		3FDF7B5E1C91BD6100054B42 /* Views */ = {
			isa = PBXGroup;
			children = (
				3FDF7B481C91B5DD00054B42 /* AppDelegate.swift */,
				3FDF7B4A1C91B5DD00054B42 /* ViewController.swift */,
				3F9C1B9B1C93142F00EFF293 /* Main.storyboard */,
				3F9C1B8D1C93141300EFF293 /* PerfilViewController.swift */,
				3F9C1B8E1C93141300EFF293 /* PerfilFavoritoCollectionViewCell.swift */,
				3F9C1B921C93141B00EFF293 /* TabBarController */,
				3FDF7B641C91BE7F00054B42 /* Login */,
				3FDF7B621C91BD9D00054B42 /* Amigos */,
				3FDF7B601C91BD9000054B42 /* Comunidades */,
				3FDF7B611C91BD9800054B42 /* Eventos */,
				3FDF7B631C91BDA300054B42 /* Mapa Esportivo */,
			);
			name = Views;
			sourceTree = "<group>";
		};
		3FDF7B5F1C91BD7C00054B42 /* Assets */ = {
			isa = PBXGroup;
			children = (
				3FDF7B521C91B5DD00054B42 /* Assets.xcassets */,
				3FDF7B541C91B5DD00054B42 /* LaunchScreen.storyboard */,
				3FDF7B571C91B5DD00054B42 /* Info.plist */,
			);
			name = Assets;
			sourceTree = "<group>";
		};
		3FDF7B601C91BD9000054B42 /* Comunidades */ = {
			isa = PBXGroup;
			children = (
			);
			name = Comunidades;
			sourceTree = "<group>";
		};
		3FDF7B611C91BD9800054B42 /* Eventos */ = {
			isa = PBXGroup;
			children = (
			);
			name = Eventos;
			sourceTree = "<group>";
		};
		3FDF7B621C91BD9D00054B42 /* Amigos */ = {
			isa = PBXGroup;
			children = (
				3F9C1B941C93142700EFF293 /* Amigos.storyboard */,
				3F9C1B951C93142700EFF293 /* AmigosCollectionViewController.swift */,
				3F9C1B961C93142700EFF293 /* AmigosCollectionViewCell.swift */,
			);
			name = Amigos;
			sourceTree = "<group>";
		};
		3FDF7B631C91BDA300054B42 /* Mapa Esportivo */ = {
			isa = PBXGroup;
			children = (
			);
			name = "Mapa Esportivo";
			sourceTree = "<group>";
		};
		3FDF7B641C91BE7F00054B42 /* Login */ = {
			isa = PBXGroup;
			children = (
			);
			name = Login;
			sourceTree = "<group>";
		};
/* End PBXGroup section */

/* Begin PBXNativeTarget section */
		3FDF7B441C91B5DD00054B42 /* Group-It */ = {
			isa = PBXNativeTarget;
			buildConfigurationList = 3FDF7B5A1C91B5DD00054B42 /* Build configuration list for PBXNativeTarget "Group-It" */;
			buildPhases = (
				3FDF7B411C91B5DD00054B42 /* Sources */,
				3FDF7B421C91B5DD00054B42 /* Frameworks */,
				3FDF7B431C91B5DD00054B42 /* Resources */,
			);
			buildRules = (
			);
			dependencies = (
			);
			name = "Group-It";
			productName = "Group-It";
			productReference = 3FDF7B451C91B5DD00054B42 /* Group-It.app */;
			productType = "com.apple.product-type.application";
		};
/* End PBXNativeTarget section */

/* Begin PBXProject section */
		3FDF7B3D1C91B5DD00054B42 /* Project object */ = {
			isa = PBXProject;
			attributes = {
				LastSwiftUpdateCheck = 0720;
				LastUpgradeCheck = 0720;
				ORGANIZATIONNAME = HACKATRUCK;
				TargetAttributes = {
					3FDF7B441C91B5DD00054B42 = {
						CreatedOnToolsVersion = 7.2;
					};
				};
			};
			buildConfigurationList = 3FDF7B401C91B5DD00054B42 /* Build configuration list for PBXProject "Group-It" */;
			compatibilityVersion = "Xcode 3.2";
			developmentRegion = English;
			hasScannedForEncodings = 0;
			knownRegions = (
				en,
				Base,
			);
			mainGroup = 3FDF7B3C1C91B5DD00054B42;
			productRefGroup = 3FDF7B461C91B5DD00054B42 /* Products */;
			projectDirPath = "";
			projectRoot = "";
			targets = (
				3FDF7B441C91B5DD00054B42 /* Group-It */,
			);
		};
/* End PBXProject section */

/* Begin PBXResourcesBuildPhase section */
		3FDF7B431C91B5DD00054B42 /* Resources */ = {
			isa = PBXResourcesBuildPhase;
			buildActionMask = 2147483647;
			files = (
				3F9C1B971C93142700EFF293 /* Amigos.storyboard in Resources */,
				3F9C1B9C1C93142F00EFF293 /* Main.storyboard in Resources */,
				3FDF7B561C91B5DD00054B42 /* LaunchScreen.storyboard in Resources */,
				3FDF7B531C91B5DD00054B42 /* Assets.xcassets in Resources */,
			);
			runOnlyForDeploymentPostprocessing = 0;
		};
/* End PBXResourcesBuildPhase section */

/* Begin PBXSourcesBuildPhase section */
		3FDF7B411C91B5DD00054B42 /* Sources */ = {
			isa = PBXSourcesBuildPhase;
			buildActionMask = 2147483647;
			files = (
				3F9C1B991C93142700EFF293 /* AmigosCollectionViewCell.swift in Sources */,
				3FDF7B4B1C91B5DD00054B42 /* ViewController.swift in Sources */,
				3FDF7B491C91B5DD00054B42 /* AppDelegate.swift in Sources */,
				3F9C1B901C93141300EFF293 /* PerfilFavoritoCollectionViewCell.swift in Sources */,
				3F9C1B931C93141B00EFF293 /* MainTabBarViewController.swift in Sources */,
				3F9C1B8F1C93141300EFF293 /* PerfilViewController.swift in Sources */,
				3F9C1B981C93142700EFF293 /* AmigosCollectionViewController.swift in Sources */,
				3FDF7B511C91B5DD00054B42 /* Group_It.xcdatamodeld in Sources */,
			);
			runOnlyForDeploymentPostprocessing = 0;
		};
/* End PBXSourcesBuildPhase section */

/* Begin PBXVariantGroup section */
		3F9C1B9B1C93142F00EFF293 /* Main.storyboard */ = {
			isa = PBXVariantGroup;
			children = (
				3F9C1B9A1C93142F00EFF293 /* Base */,
			);
			name = Main.storyboard;
			path = "../../../../../Documents/group-it/Group-It/Group-It";
			sourceTree = "<group>";
		};
		3FDF7B541C91B5DD00054B42 /* LaunchScreen.storyboard */ = {
			isa = PBXVariantGroup;
			children = (
				3FDF7B551C91B5DD00054B42 /* Base */,
			);
			name = LaunchScreen.storyboard;
			sourceTree = "<group>";
		};
/* End PBXVariantGroup section */

/* Begin XCBuildConfiguration section */
		3FDF7B581C91B5DD00054B42 /* Debug */ = {
			isa = XCBuildConfiguration;
			buildSettings = {
				ALWAYS_SEARCH_USER_PATHS = NO;
				CLANG_CXX_LANGUAGE_STANDARD = "gnu++0x";
				CLANG_CXX_LIBRARY = "libc++";
				CLANG_ENABLE_MODULES = YES;
				CLANG_ENABLE_OBJC_ARC = YES;
				CLANG_WARN_BOOL_CONVERSION = YES;
				CLANG_WARN_CONSTANT_CONVERSION = YES;
				CLANG_WARN_DIRECT_OBJC_ISA_USAGE = YES_ERROR;
				CLANG_WARN_EMPTY_BODY = YES;
				CLANG_WARN_ENUM_CONVERSION = YES;
				CLANG_WARN_INT_CONVERSION = YES;
				CLANG_WARN_OBJC_ROOT_CLASS = YES_ERROR;
				CLANG_WARN_UNREACHABLE_CODE = YES;
				CLANG_WARN__DUPLICATE_METHOD_MATCH = YES;
				"CODE_SIGN_IDENTITY[sdk=iphoneos*]" = "iPhone Developer";
				COPY_PHASE_STRIP = NO;
				DEBUG_INFORMATION_FORMAT = dwarf;
				ENABLE_STRICT_OBJC_MSGSEND = YES;
				ENABLE_TESTABILITY = YES;
				GCC_C_LANGUAGE_STANDARD = gnu99;
				GCC_DYNAMIC_NO_PIC = NO;
				GCC_NO_COMMON_BLOCKS = YES;
				GCC_OPTIMIZATION_LEVEL = 0;
				GCC_PREPROCESSOR_DEFINITIONS = (
					"DEBUG=1",
					"$(inherited)",
				);
				GCC_WARN_64_TO_32_BIT_CONVERSION = YES;
				GCC_WARN_ABOUT_RETURN_TYPE = YES_ERROR;
				GCC_WARN_UNDECLARED_SELECTOR = YES;
				GCC_WARN_UNINITIALIZED_AUTOS = YES_AGGRESSIVE;
				GCC_WARN_UNUSED_FUNCTION = YES;
				GCC_WARN_UNUSED_VARIABLE = YES;
				IPHONEOS_DEPLOYMENT_TARGET = 9.2;
				MTL_ENABLE_DEBUG_INFO = YES;
				ONLY_ACTIVE_ARCH = YES;
				SDKROOT = iphoneos;
				SWIFT_OPTIMIZATION_LEVEL = "-Onone";
			};
			name = Debug;
		};
		3FDF7B591C91B5DD00054B42 /* Release */ = {
			isa = XCBuildConfiguration;
			buildSettings = {
				ALWAYS_SEARCH_USER_PATHS = NO;
				CLANG_CXX_LANGUAGE_STANDARD = "gnu++0x";
				CLANG_CXX_LIBRARY = "libc++";
				CLANG_ENABLE_MODULES = YES;
				CLANG_ENABLE_OBJC_ARC = YES;
				CLANG_WARN_BOOL_CONVERSION = YES;
				CLANG_WARN_CONSTANT_CONVERSION = YES;
				CLANG_WARN_DIRECT_OBJC_ISA_USAGE = YES_ERROR;
				CLANG_WARN_EMPTY_BODY = YES;
				CLANG_WARN_ENUM_CONVERSION = YES;
				CLANG_WARN_INT_CONVERSION = YES;
				CLANG_WARN_OBJC_ROOT_CLASS = YES_ERROR;
				CLANG_WARN_UNREACHABLE_CODE = YES;
				CLANG_WARN__DUPLICATE_METHOD_MATCH = YES;
				"CODE_SIGN_IDENTITY[sdk=iphoneos*]" = "iPhone Developer";
				COPY_PHASE_STRIP = NO;
				DEBUG_INFORMATION_FORMAT = "dwarf-with-dsym";
				ENABLE_NS_ASSERTIONS = NO;
				ENABLE_STRICT_OBJC_MSGSEND = YES;
				GCC_C_LANGUAGE_STANDARD = gnu99;
				GCC_NO_COMMON_BLOCKS = YES;
				GCC_WARN_64_TO_32_BIT_CONVERSION = YES;
				GCC_WARN_ABOUT_RETURN_TYPE = YES_ERROR;
				GCC_WARN_UNDECLARED_SELECTOR = YES;
				GCC_WARN_UNINITIALIZED_AUTOS = YES_AGGRESSIVE;
				GCC_WARN_UNUSED_FUNCTION = YES;
				GCC_WARN_UNUSED_VARIABLE = YES;
				IPHONEOS_DEPLOYMENT_TARGET = 9.2;
				MTL_ENABLE_DEBUG_INFO = NO;
				SDKROOT = iphoneos;
				VALIDATE_PRODUCT = YES;
			};
			name = Release;
		};
		3FDF7B5B1C91B5DD00054B42 /* Debug */ = {
			isa = XCBuildConfiguration;
			buildSettings = {
				ASSETCATALOG_COMPILER_APPICON_NAME = AppIcon;
				INFOPLIST_FILE = "Group-It/Info.plist";
				LD_RUNPATH_SEARCH_PATHS = "$(inherited) @executable_path/Frameworks";
				PRODUCT_BUNDLE_IDENTIFIER = "br.com.hackatruck.Group-It";
				PRODUCT_NAME = "$(TARGET_NAME)";
			};
			name = Debug;
		};
		3FDF7B5C1C91B5DD00054B42 /* Release */ = {
			isa = XCBuildConfiguration;
			buildSettings = {
				ASSETCATALOG_COMPILER_APPICON_NAME = AppIcon;
				INFOPLIST_FILE = "Group-It/Info.plist";
				LD_RUNPATH_SEARCH_PATHS = "$(inherited) @executable_path/Frameworks";
				PRODUCT_BUNDLE_IDENTIFIER = "br.com.hackatruck.Group-It";
				PRODUCT_NAME = "$(TARGET_NAME)";
			};
			name = Release;
		};
/* End XCBuildConfiguration section */

/* Begin XCConfigurationList section */
		3FDF7B401C91B5DD00054B42 /* Build configuration list for PBXProject "Group-It" */ = {
			isa = XCConfigurationList;
			buildConfigurations = (
				3FDF7B581C91B5DD00054B42 /* Debug */,
				3FDF7B591C91B5DD00054B42 /* Release */,
			);
			defaultConfigurationIsVisible = 0;
			defaultConfigurationName = Release;
		};
		3FDF7B5A1C91B5DD00054B42 /* Build configuration list for PBXNativeTarget "Group-It" */ = {
			isa = XCConfigurationList;
			buildConfigurations = (
				3FDF7B5B1C91B5DD00054B42 /* Debug */,
				3FDF7B5C1C91B5DD00054B42 /* Release */,
			);
			defaultConfigurationIsVisible = 0;
			defaultConfigurationName = Release;
		};
/* End XCConfigurationList section */

/* Begin XCVersionGroup section */
		3FDF7B4F1C91B5DD00054B42 /* Group_It.xcdatamodeld */ = {
			isa = XCVersionGroup;
			children = (
				3FDF7B501C91B5DD00054B42 /* Group_It.xcdatamodel */,
			);
			currentVersion = 3FDF7B501C91B5DD00054B42 /* Group_It.xcdatamodel */;
			path = Group_It.xcdatamodeld;
			sourceTree = "<group>";
			versionGroupType = wrapper.xcdatamodel;
		};
/* End XCVersionGroup section */
	};
	rootObject = 3FDF7B3D1C91B5DD00054B42 /* Project object */;
}
